
Microsoft Visual Studio Solution File, Format Version 12.00
# Visual Studio Version 17
VisualStudioVersion = 17.9.34728.123
MinimumVisualStudioVersion = 10.0.40219.1
Project("{9A19103F-16F7-4668-BE54-9A1E7A4F7556}") = "FinanceTracker", "FinanceTracker\FinanceTracker.csproj", "{8A548009-501C-4D59-A30C-AB3AF8E4BCF1}"
	ProjectSection(ProjectDependencies) = postProject
		{BA97A0F2-B130-49DF-BE79-311A05CDCCF7} = {BA97A0F2-B130-49DF-BE79-311A05CDCCF7}
	EndProjectSection
EndProject
Project("{9A19103F-16F7-4668-BE54-9A1E7A4F7556}") = "FinanceTrackerTests", "FinanceTrackerTests\FinanceTrackerTests.csproj", "{04D07F3B-4CED-4531-BA2C-37A7EA5E5CD0}"
EndProject
Project("{9A19103F-16F7-4668-BE54-9A1E7A4F7556}") = "MoneyManagement", "MoneyManagement\MoneyManagement.csproj", "{BA97A0F2-B130-49DF-BE79-311A05CDCCF7}"
EndProject
Project("{FAE04EC0-301F-11D3-BF4B-00C04F79EFBC}") = "FInanceTrackerWeb", "FInanceTrackerWeb\FInanceTrackerWeb.csproj", "{687A2362-C4D6-4AB8-BEA1-870E9EB15DB9}"
EndProject
Global
	GlobalSection(SolutionConfigurationPlatforms) = preSolution
		Debug|Any CPU = Debug|Any CPU
		Release|Any CPU = Release|Any CPU
	EndGlobalSection
	GlobalSection(ProjectConfigurationPlatforms) = postSolution
		{8A548009-501C-4D59-A30C-AB3AF8E4BCF1}.Debug|Any CPU.ActiveCfg = Debug|Any CPU
		{8A548009-501C-4D59-A30C-AB3AF8E4BCF1}.Debug|Any CPU.Build.0 = Debug|Any CPU
		{8A548009-501C-4D59-A30C-AB3AF8E4BCF1}.Release|Any CPU.ActiveCfg = Release|Any CPU
		{8A548009-501C-4D59-A30C-AB3AF8E4BCF1}.Release|Any CPU.Build.0 = Release|Any CPU
		{04D07F3B-4CED-4531-BA2C-37A7EA5E5CD0}.Debug|Any CPU.ActiveCfg = Debug|Any CPU
		{04D07F3B-4CED-4531-BA2C-37A7EA5E5CD0}.Debug|Any CPU.Build.0 = Debug|Any CPU
		{04D07F3B-4CED-4531-BA2C-37A7EA5E5CD0}.Release|Any CPU.ActiveCfg = Release|Any CPU
		{04D07F3B-4CED-4531-BA2C-37A7EA5E5CD0}.Release|Any CPU.Build.0 = Release|Any CPU
		{BA97A0F2-B130-49DF-BE79-311A05CDCCF7}.Debug|Any CPU.ActiveCfg = Debug|Any CPU
		{BA97A0F2-B130-49DF-BE79-311A05CDCCF7}.Debug|Any CPU.Build.0 = Debug|Any CPU
		{BA97A0F2-B130-49DF-BE79-311A05CDCCF7}.Release|Any CPU.ActiveCfg = Release|Any CPU
		{BA97A0F2-B130-49DF-BE79-311A05CDCCF7}.Release|Any CPU.Build.0 = Release|Any CPU
		{687A2362-C4D6-4AB8-BEA1-870E9EB15DB9}.Debug|Any CPU.ActiveCfg = Debug|Any CPU
		{687A2362-C4D6-4AB8-BEA1-870E9EB15DB9}.Debug|Any CPU.Build.0 = Debug|Any CPU
		{687A2362-C4D6-4AB8-BEA1-870E9EB15DB9}.Release|Any CPU.ActiveCfg = Release|Any CPU
		{687A2362-C4D6-4AB8-BEA1-870E9EB15DB9}.Release|Any CPU.Build.0 = Release|Any CPU
	EndGlobalSection
	GlobalSection(SolutionProperties) = preSolution
		HideSolutionNode = FALSE
	EndGlobalSection
	GlobalSection(ExtensibilityGlobals) = postSolution
		SolutionGuid = {9D99600F-CFA4-4BAF-8155-4BDFD8B47FF8}
	EndGlobalSection
EndGlobal
